// !$*UTF8*$!
{
	archiveVersion = 1;
	classes = {
	};
	objectVersion = 50;
	objects = {

/* Begin PBXBuildFile section */
		46AD8423230D450D003A4CC4 /* AppDelegate.swift in Sources */ = {isa = PBXBuildFile; fileRef = 46AD8422230D450D003A4CC4 /* AppDelegate.swift */; };
		46AD8425230D450D003A4CC4 /* ViewController.swift in Sources */ = {isa = PBXBuildFile; fileRef = 46AD8424230D450D003A4CC4 /* ViewController.swift */; };
		46AD842A230D450E003A4CC4 /* Assets.xcassets in Resources */ = {isa = PBXBuildFile; fileRef = 46AD8429230D450E003A4CC4 /* Assets.xcassets */; };
		46AD842D230D450E003A4CC4 /* LaunchScreen.storyboard in Resources */ = {isa = PBXBuildFile; fileRef = 46AD842B230D450E003A4CC4 /* LaunchScreen.storyboard */; };
		46AD8438230D450E003A4CC4 /* GroupedMessagesTests.swift in Sources */ = {isa = PBXBuildFile; fileRef = 46AD8437230D450E003A4CC4 /* GroupedMessagesTests.swift */; };
		46AD8443230D450E003A4CC4 /* GroupedMessagesUITests.swift in Sources */ = {isa = PBXBuildFile; fileRef = 46AD8442230D450E003A4CC4 /* GroupedMessagesUITests.swift */; };
		46AD8451230D472B003A4CC4 /* ChatMessagesCell.swift in Sources */ = {isa = PBXBuildFile; fileRef = 46AD8450230D472B003A4CC4 /* ChatMessagesCell.swift */; };
		46FF0948230D6BBB0006B0C8 /* ChatMessage.swift in Sources */ = {isa = PBXBuildFile; fileRef = 46FF0947230D6BBB0006B0C8 /* ChatMessage.swift */; };
/* End PBXBuildFile section */

/* Begin PBXContainerItemProxy section */
		46AD8434230D450E003A4CC4 /* PBXContainerItemProxy */ = {
			isa = PBXContainerItemProxy;
			containerPortal = 46AD8417230D450D003A4CC4 /* Project object */;
			proxyType = 1;
			remoteGlobalIDString = 46AD841E230D450D003A4CC4;
			remoteInfo = GroupedMessages;
		};
		46AD843F230D450E003A4CC4 /* PBXContainerItemProxy */ = {
			isa = PBXContainerItemProxy;
			containerPortal = 46AD8417230D450D003A4CC4 /* Project object */;
			proxyType = 1;
			remoteGlobalIDString = 46AD841E230D450D003A4CC4;
			remoteInfo = GroupedMessages;
		};
/* End PBXContainerItemProxy section */

/* Begin PBXFileReference section */
		46AD841F230D450D003A4CC4 /* GroupedMessages.app */ = {isa = PBXFileReference; explicitFileType = wrapper.application; includeInIndex = 0; path = GroupedMessages.app; sourceTree = BUILT_PRODUCTS_DIR; };
		46AD8422230D450D003A4CC4 /* AppDelegate.swift */ = {isa = PBXFileReference; lastKnownFileType = sourcecode.swift; path = AppDelegate.swift; sourceTree = "<group>"; };
		46AD8424230D450D003A4CC4 /* ViewController.swift */ = {isa = PBXFileReference; lastKnownFileType = sourcecode.swift; path = ViewController.swift; sourceTree = "<group>"; };
		46AD8429230D450E003A4CC4 /* Assets.xcassets */ = {isa = PBXFileReference; lastKnownFileType = folder.assetcatalog; path = Assets.xcassets; sourceTree = "<group>"; };
		46AD842C230D450E003A4CC4 /* Base */ = {isa = PBXFileReference; lastKnownFileType = file.storyboard; name = Base; path = Base.lproj/LaunchScreen.storyboard; sourceTree = "<group>"; };
		46AD842E230D450E003A4CC4 /* Info.plist */ = {isa = PBXFileReference; lastKnownFileType = text.plist.xml; path = Info.plist; sourceTree = "<group>"; };
		46AD8433230D450E003A4CC4 /* GroupedMessagesTests.xctest */ = {isa = PBXFileReference; explicitFileType = wrapper.cfbundle; includeInIndex = 0; path = GroupedMessagesTests.xctest; sourceTree = BUILT_PRODUCTS_DIR; };
		46AD8437230D450E003A4CC4 /* GroupedMessagesTests.swift */ = {isa = PBXFileReference; lastKnownFileType = sourcecode.swift; path = GroupedMessagesTests.swift; sourceTree = "<group>"; };
		46AD8439230D450E003A4CC4 /* Info.plist */ = {isa = PBXFileReference; lastKnownFileType = text.plist.xml; path = Info.plist; sourceTree = "<group>"; };
		46AD843E230D450E003A4CC4 /* GroupedMessagesUITests.xctest */ = {isa = PBXFileReference; explicitFileType = wrapper.cfbundle; includeInIndex = 0; path = GroupedMessagesUITests.xctest; sourceTree = BUILT_PRODUCTS_DIR; };
		46AD8442230D450E003A4CC4 /* GroupedMessagesUITests.swift */ = {isa = PBXFileReference; lastKnownFileType = sourcecode.swift; path = GroupedMessagesUITests.swift; sourceTree = "<group>"; };
		46AD8444230D450E003A4CC4 /* Info.plist */ = {isa = PBXFileReference; lastKnownFileType = text.plist.xml; path = Info.plist; sourceTree = "<group>"; };
		46AD8450230D472B003A4CC4 /* ChatMessagesCell.swift */ = {isa = PBXFileReference; lastKnownFileType = sourcecode.swift; path = ChatMessagesCell.swift; sourceTree = "<group>"; };
		46FF0947230D6BBB0006B0C8 /* ChatMessage.swift */ = {isa = PBXFileReference; lastKnownFileType = sourcecode.swift; path = ChatMessage.swift; sourceTree = "<group>"; };
/* End PBXFileReference section */

/* Begin PBXFrameworksBuildPhase section */
		46AD841C230D450D003A4CC4 /* Frameworks */ = {
			isa = PBXFrameworksBuildPhase;
			buildActionMask = 2147483647;
			files = (
			);
			runOnlyForDeploymentPostprocessing = 0;
		};
		46AD8430230D450E003A4CC4 /* Frameworks */ = {
			isa = PBXFrameworksBuildPhase;
			buildActionMask = 2147483647;
			files = (
			);
			runOnlyForDeploymentPostprocessing = 0;
		};
		46AD843B230D450E003A4CC4 /* Frameworks */ = {
			isa = PBXFrameworksBuildPhase;
			buildActionMask = 2147483647;
			files = (
			);
			runOnlyForDeploymentPostprocessing = 0;
		};
/* End PBXFrameworksBuildPhase section */

/* Begin PBXGroup section */
		46AD8416230D450D003A4CC4 = {
			isa = PBXGroup;
			children = (
				46AD8421230D450D003A4CC4 /* GroupedMessages */,
				46AD8436230D450E003A4CC4 /* GroupedMessagesTests */,
				46AD8441230D450E003A4CC4 /* GroupedMessagesUITests */,
				46AD8420230D450D003A4CC4 /* Products */,
			);
			sourceTree = "<group>";
		};
		46AD8420230D450D003A4CC4 /* Products */ = {
			isa = PBXGroup;
			children = (
				46AD841F230D450D003A4CC4 /* GroupedMessages.app */,
				46AD8433230D450E003A4CC4 /* GroupedMessagesTests.xctest */,
				46AD843E230D450E003A4CC4 /* GroupedMessagesUITests.xctest */,
			);
			name = Products;
			sourceTree = "<group>";
		};
		46AD8421230D450D003A4CC4 /* GroupedMessages */ = {
			isa = PBXGroup;
			children = (
				46AD8422230D450D003A4CC4 /* AppDelegate.swift */,
				46AD8424230D450D003A4CC4 /* ViewController.swift */,
				46AD8450230D472B003A4CC4 /* ChatMessagesCell.swift */,
				46AD8429230D450E003A4CC4 /* Assets.xcassets */,
				46AD842B230D450E003A4CC4 /* LaunchScreen.storyboard */,
				46AD842E230D450E003A4CC4 /* Info.plist */,
				46FF0947230D6BBB0006B0C8 /* ChatMessage.swift */,
			);
			path = GroupedMessages;
			sourceTree = "<group>";
		};
		46AD8436230D450E003A4CC4 /* GroupedMessagesTests */ = {
			isa = PBXGroup;
			children = (
				46AD8437230D450E003A4CC4 /* GroupedMessagesTests.swift */,
				46AD8439230D450E003A4CC4 /* Info.plist */,
			);
			path = GroupedMessagesTests;
			sourceTree = "<group>";
		};
		46AD8441230D450E003A4CC4 /* GroupedMessagesUITests */ = {
			isa = PBXGroup;
			children = (
				46AD8442230D450E003A4CC4 /* GroupedMessagesUITests.swift */,
				46AD8444230D450E003A4CC4 /* Info.plist */,
			);
			path = GroupedMessagesUITests;
			sourceTree = "<group>";
		};
/* End PBXGroup section */

/* Begin PBXNativeTarget section */
		46AD841E230D450D003A4CC4 /* GroupedMessages */ = {
			isa = PBXNativeTarget;
			buildConfigurationList = 46AD8447230D450E003A4CC4 /* Build configuration list for PBXNativeTarget "GroupedMessages" */;
			buildPhases = (
				46AD841B230D450D003A4CC4 /* Sources */,
				46AD841C230D450D003A4CC4 /* Frameworks */,
				46AD841D230D450D003A4CC4 /* Resources */,
			);
			buildRules = (
			);
			dependencies = (
			);
			name = GroupedMessages;
			productName = GroupedMessages;
			productReference = 46AD841F230D450D003A4CC4 /* GroupedMessages.app */;
			productType = "com.apple.product-type.application";
		};
		46AD8432230D450E003A4CC4 /* GroupedMessagesTests */ = {
			isa = PBXNativeTarget;
			buildConfigurationList = 46AD844A230D450E003A4CC4 /* Build configuration list for PBXNativeTarget "GroupedMessagesTests" */;
			buildPhases = (
				46AD842F230D450E003A4CC4 /* Sources */,
				46AD8430230D450E003A4CC4 /* Frameworks */,
				46AD8431230D450E003A4CC4 /* Resources */,
			);
			buildRules = (
			);
			dependencies = (
				46AD8435230D450E003A4CC4 /* PBXTargetDependency */,
			);
			name = GroupedMessagesTests;
			productName = GroupedMessagesTests;
			productReference = 46AD8433230D450E003A4CC4 /* GroupedMessagesTests.xctest */;
			productType = "com.apple.product-type.bundle.unit-test";
		};
		46AD843D230D450E003A4CC4 /* GroupedMessagesUITests */ = {
			isa = PBXNativeTarget;
			buildConfigurationList = 46AD844D230D450E003A4CC4 /* Build configuration list for PBXNativeTarget "GroupedMessagesUITests" */;
			buildPhases = (
				46AD843A230D450E003A4CC4 /* Sources */,
				46AD843B230D450E003A4CC4 /* Frameworks */,
				46AD843C230D450E003A4CC4 /* Resources */,
			);
			buildRules = (
			);
			dependencies = (
				46AD8440230D450E003A4CC4 /* PBXTargetDependency */,
			);
			name = GroupedMessagesUITests;
			productName = GroupedMessagesUITests;
			productReference = 46AD843E230D450E003A4CC4 /* GroupedMessagesUITests.xctest */;
			productType = "com.apple.product-type.bundle.ui-testing";
		};
/* End PBXNativeTarget section */

/* Begin PBXProject section */
		46AD8417230D450D003A4CC4 /* Project object */ = {
			isa = PBXProject;
			attributes = {
				LastSwiftUpdateCheck = 1030;
				LastUpgradeCheck = 1030;
				ORGANIZATIONNAME = "Bruno Silva";
				TargetAttributes = {
					46AD841E230D450D003A4CC4 = {
						CreatedOnToolsVersion = 10.3;
					};
					46AD8432230D450E003A4CC4 = {
						CreatedOnToolsVersion = 10.3;
						TestTargetID = 46AD841E230D450D003A4CC4;
					};
					46AD843D230D450E003A4CC4 = {
						CreatedOnToolsVersion = 10.3;
						TestTargetID = 46AD841E230D450D003A4CC4;
					};
				};
			};
			buildConfigurationList = 46AD841A230D450D003A4CC4 /* Build configuration list for PBXProject "GroupedMessages" */;
			compatibilityVersion = "Xcode 9.3";
			developmentRegion = en;
			hasScannedForEncodings = 0;
			knownRegions = (
				en,
				Base,
			);
			mainGroup = 46AD8416230D450D003A4CC4;
			productRefGroup = 46AD8420230D450D003A4CC4 /* Products */;
			projectDirPath = "";
			projectRoot = "";
			targets = (
				46AD841E230D450D003A4CC4 /* GroupedMessages */,
				46AD8432230D450E003A4CC4 /* GroupedMessagesTests */,
				46AD843D230D450E003A4CC4 /* GroupedMessagesUITests */,
			);
		};
/* End PBXProject section */

/* Begin PBXResourcesBuildPhase section */
		46AD841D230D450D003A4CC4 /* Resources */ = {
			isa = PBXResourcesBuildPhase;
			buildActionMask = 2147483647;
			files = (
				46AD842D230D450E003A4CC4 /* LaunchScreen.storyboard in Resources */,
				46AD842A230D450E003A4CC4 /* Assets.xcassets in Resources */,
			);
			runOnlyForDeploymentPostprocessing = 0;
		};
		46AD8431230D450E003A4CC4 /* Resources */ = {
			isa = PBXResourcesBuildPhase;
			buildActionMask = 2147483647;
			files = (
			);
			runOnlyForDeploymentPostprocessing = 0;
		};
		46AD843C230D450E003A4CC4 /* Resources */ = {
			isa = PBXResourcesBuildPhase;
			buildActionMask = 2147483647;
			files = (
			);
			runOnlyForDeploymentPostprocessing = 0;
		};
/* End PBXResourcesBuildPhase section */

/* Begin PBXSourcesBuildPhase section */
		46AD841B230D450D003A4CC4 /* Sources */ = {
			isa = PBXSourcesBuildPhase;
			buildActionMask = 2147483647;
			files = (
				46AD8425230D450D003A4CC4 /* ViewController.swift in Sources */,
				46FF0948230D6BBB0006B0C8 /* ChatMessage.swift in Sources */,
				46AD8451230D472B003A4CC4 /* ChatMessagesCell.swift in Sources */,
				46AD8423230D450D003A4CC4 /* AppDelegate.swift in Sources */,
			);
			runOnlyForDeploymentPostprocessing = 0;
		};
		46AD842F230D450E003A4CC4 /* Sources */ = {
			isa = PBXSourcesBuildPhase;
			buildActionMask = 2147483647;
			files = (
				46AD8438230D450E003A4CC4 /* GroupedMessagesTests.swift in Sources */,
			);
			runOnlyForDeploymentPostprocessing = 0;
		};
		46AD843A230D450E003A4CC4 /* Sources */ = {
			isa = PBXSourcesBuildPhase;
			buildActionMask = 2147483647;
			files = (
				46AD8443230D450E003A4CC4 /* GroupedMessagesUITests.swift in Sources */,
			);
			runOnlyForDeploymentPostprocessing = 0;
		};
/* End PBXSourcesBuildPhase section */

/* Begin PBXTargetDependency section */
		46AD8435230D450E003A4CC4 /* PBXTargetDependency */ = {
			isa = PBXTargetDependency;
			target = 46AD841E230D450D003A4CC4 /* GroupedMessages */;
			targetProxy = 46AD8434230D450E003A4CC4 /* PBXContainerItemProxy */;
		};
		46AD8440230D450E003A4CC4 /* PBXTargetDependency */ = {
			isa = PBXTargetDependency;
			target = 46AD841E230D450D003A4CC4 /* GroupedMessages */;
			targetProxy = 46AD843F230D450E003A4CC4 /* PBXContainerItemProxy */;
		};
/* End PBXTargetDependency section */

/* Begin PBXVariantGroup section */
		46AD842B230D450E003A4CC4 /* LaunchScreen.storyboard */ = {
			isa = PBXVariantGroup;
			children = (
				46AD842C230D450E003A4CC4 /* Base */,
			);
			name = LaunchScreen.storyboard;
			sourceTree = "<group>";
		};
/* End PBXVariantGroup section */

/* Begin XCBuildConfiguration section */
		46AD8445230D450E003A4CC4 /* Debug */ = {
			isa = XCBuildConfiguration;
			buildSettings = {
				ALWAYS_SEARCH_USER_PATHS = NO;
				CLANG_ANALYZER_NONNULL = YES;
				CLANG_ANALYZER_NUMBER_OBJECT_CONVERSION = YES_AGGRESSIVE;
				CLANG_CXX_LANGUAGE_STANDARD = "gnu++14";
				CLANG_CXX_LIBRARY = "libc++";
				CLANG_ENABLE_MODULES = YES;
				CLANG_ENABLE_OBJC_ARC = YES;
				CLANG_ENABLE_OBJC_WEAK = YES;
				CLANG_WARN_BLOCK_CAPTURE_AUTORELEASING = YES;
				CLANG_WARN_BOOL_CONVERSION = YES;
				CLANG_WARN_COMMA = YES;
				CLANG_WARN_CONSTANT_CONVERSION = YES;
				CLANG_WARN_DEPRECATED_OBJC_IMPLEMENTATIONS = YES;
				CLANG_WARN_DIRECT_OBJC_ISA_USAGE = YES_ERROR;
				CLANG_WARN_DOCUMENTATION_COMMENTS = YES;
				CLANG_WARN_EMPTY_BODY = YES;
				CLANG_WARN_ENUM_CONVERSION = YES;
				CLANG_WARN_INFINITE_RECURSION = YES;
				CLANG_WARN_INT_CONVERSION = YES;
				CLANG_WARN_NON_LITERAL_NULL_CONVERSION = YES;
				CLANG_WARN_OBJC_IMPLICIT_RETAIN_SELF = YES;
				CLANG_WARN_OBJC_LITERAL_CONVERSION = YES;
				CLANG_WARN_OBJC_ROOT_CLASS = YES_ERROR;
				CLANG_WARN_RANGE_LOOP_ANALYSIS = YES;
				CLANG_WARN_STRICT_PROTOTYPES = YES;
				CLANG_WARN_SUSPICIOUS_MOVE = YES;
				CLANG_WARN_UNGUARDED_AVAILABILITY = YES_AGGRESSIVE;
				CLANG_WARN_UNREACHABLE_CODE = YES;
				CLANG_WARN__DUPLICATE_METHOD_MATCH = YES;
				CODE_SIGN_IDENTITY = "iPhone Developer";
				COPY_PHASE_STRIP = NO;
				DEBUG_INFORMATION_FORMAT = dwarf;
				ENABLE_STRICT_OBJC_MSGSEND = YES;
				ENABLE_TESTABILITY = YES;
				GCC_C_LANGUAGE_STANDARD = gnu11;
				GCC_DYNAMIC_NO_PIC = NO;
				GCC_NO_COMMON_BLOCKS = YES;
				GCC_OPTIMIZATION_LEVEL = 0;
				GCC_PREPROCESSOR_DEFINITIONS = (
					"DEBUG=1",
					"$(inherited)",
				);
				GCC_WARN_64_TO_32_BIT_CONVERSION = YES;
				GCC_WARN_ABOUT_RETURN_TYPE = YES_ERROR;
				GCC_WARN_UNDECLARED_SELECTOR = YES;
				GCC_WARN_UNINITIALIZED_AUTOS = YES_AGGRESSIVE;
				GCC_WARN_UNUSED_FUNCTION = YES;
				GCC_WARN_UNUSED_VARIABLE = YES;
				IPHONEOS_DEPLOYMENT_TARGET = 12.4;
				MTL_ENABLE_DEBUG_INFO = INCLUDE_SOURCE;
				MTL_FAST_MATH = YES;
				ONLY_ACTIVE_ARCH = YES;
				SDKROOT = iphoneos;
				SWIFT_ACTIVE_COMPILATION_CONDITIONS = DEBUG;
				SWIFT_OPTIMIZATION_LEVEL = "-Onone";
			};
			name = Debug;
		};
		46AD8446230D450E003A4CC4 /* Release */ = {
			isa = XCBuildConfiguration;
			buildSettings = {
				ALWAYS_SEARCH_USER_PATHS = NO;
				CLANG_ANALYZER_NONNULL = YES;
				CLANG_ANALYZER_NUMBER_OBJECT_CONVERSION = YES_AGGRESSIVE;
				CLANG_CXX_LANGUAGE_STANDARD = "gnu++14";
				CLANG_CXX_LIBRARY = "libc++";
				CLANG_ENABLE_MODULES = YES;
				CLANG_ENABLE_OBJC_ARC = YES;
				CLANG_ENABLE_OBJC_WEAK = YES;
				CLANG_WARN_BLOCK_CAPTURE_AUTORELEASING = YES;
				CLANG_WARN_BOOL_CONVERSION = YES;
				CLANG_WARN_COMMA = YES;
				CLANG_WARN_CONSTANT_CONVERSION = YES;
				CLANG_WARN_DEPRECATED_OBJC_IMPLEMENTATIONS = YES;
				CLANG_WARN_DIRECT_OBJC_ISA_USAGE = YES_ERROR;
				CLANG_WARN_DOCUMENTATION_COMMENTS = YES;
				CLANG_WARN_EMPTY_BODY = YES;
				CLANG_WARN_ENUM_CONVERSION = YES;
				CLANG_WARN_INFINITE_RECURSION = YES;
				CLANG_WARN_INT_CONVERSION = YES;
				CLANG_WARN_NON_LITERAL_NULL_CONVERSION = YES;
				CLANG_WARN_OBJC_IMPLICIT_RETAIN_SELF = YES;
				CLANG_WARN_OBJC_LITERAL_CONVERSION = YES;
				CLANG_WARN_OBJC_ROOT_CLASS = YES_ERROR;
				CLANG_WARN_RANGE_LOOP_ANALYSIS = YES;
				CLANG_WARN_STRICT_PROTOTYPES = YES;
				CLANG_WARN_SUSPICIOUS_MOVE = YES;
				CLANG_WARN_UNGUARDED_AVAILABILITY = YES_AGGRESSIVE;
				CLANG_WARN_UNREACHABLE_CODE = YES;
				CLANG_WARN__DUPLICATE_METHOD_MATCH = YES;
				CODE_SIGN_IDENTITY = "iPhone Developer";
				COPY_PHASE_STRIP = NO;
				DEBUG_INFORMATION_FORMAT = "dwarf-with-dsym";
				ENABLE_NS_ASSERTIONS = NO;
				ENABLE_STRICT_OBJC_MSGSEND = YES;
				GCC_C_LANGUAGE_STANDARD = gnu11;
				GCC_NO_COMMON_BLOCKS = YES;
				GCC_WARN_64_TO_32_BIT_CONVERSION = YES;
				GCC_WARN_ABOUT_RETURN_TYPE = YES_ERROR;
				GCC_WARN_UNDECLARED_SELECTOR = YES;
				GCC_WARN_UNINITIALIZED_AUTOS = YES_AGGRESSIVE;
				GCC_WARN_UNUSED_FUNCTION = YES;
				GCC_WARN_UNUSED_VARIABLE = YES;
				IPHONEOS_DEPLOYMENT_TARGET = 12.4;
				MTL_ENABLE_DEBUG_INFO = NO;
				MTL_FAST_MATH = YES;
				SDKROOT = iphoneos;
				SWIFT_COMPILATION_MODE = wholemodule;
				SWIFT_OPTIMIZATION_LEVEL = "-O";
				VALIDATE_PRODUCT = YES;
			};
			name = Release;
		};
		46AD8448230D450E003A4CC4 /* Debug */ = {
			isa = XCBuildConfiguration;
			buildSettings = {
				ASSETCATALOG_COMPILER_APPICON_NAME = AppIcon;
				CODE_SIGN_STYLE = Automatic;
				INFOPLIST_FILE = GroupedMessages/Info.plist;
				LD_RUNPATH_SEARCH_PATHS = (
					"$(inherited)",
					"@executable_path/Frameworks",
				);
				PRODUCT_BUNDLE_IDENTIFIER = "com.bruno-silva.GroupedMessages";
				PRODUCT_NAME = "$(TARGET_NAME)";
				SWIFT_VERSION = 5.0;
				TARGETED_DEVICE_FAMILY = "1,2";
			};
			name = Debug;
		};
		46AD8449230D450E003A4CC4 /* Release */ = {
			isa = XCBuildConfiguration;
			buildSettings = {
				ASSETCATALOG_COMPILER_APPICON_NAME = AppIcon;
				CODE_SIGN_STYLE = Automatic;
				INFOPLIST_FILE = GroupedMessages/Info.plist;
				LD_RUNPATH_SEARCH_PATHS = (
					"$(inherited)",
					"@executable_path/Frameworks",
				);
				PRODUCT_BUNDLE_IDENTIFIER = "com.bruno-silva.GroupedMessages";
				PRODUCT_NAME = "$(TARGET_NAME)";
				SWIFT_VERSION = 5.0;
				TARGETED_DEVICE_FAMILY = "1,2";
			};
			name = Release;
		};
		46AD844B230D450E003A4CC4 /* Debug */ = {
			isa = XCBuildConfiguration;
			buildSettings = {
				ALWAYS_EMBED_SWIFT_STANDARD_LIBRARIES = YES;
				BUNDLE_LOADER = "$(TEST_HOST)";
				CODE_SIGN_STYLE = Automatic;
				INFOPLIST_FILE = GroupedMessagesTests/Info.plist;
				LD_RUNPATH_SEARCH_PATHS = (
					"$(inherited)",
					"@executable_path/Frameworks",
					"@loader_path/Frameworks",
				);
				PRODUCT_BUNDLE_IDENTIFIER = "com.bruno-silva.GroupedMessagesTests";
				PRODUCT_NAME = "$(TARGET_NAME)";
				SWIFT_VERSION = 5.0;
				TARGETED_DEVICE_FAMILY = "1,2";
				TEST_HOST = "$(BUILT_PRODUCTS_DIR)/GroupedMessages.app/GroupedMessages";
			};
			name = Debug;
		};
		46AD844C230D450E003A4CC4 /* Release */ = {
			isa = XCBuildConfiguration;
			buildSettings = {
				ALWAYS_EMBED_SWIFT_STANDARD_LIBRARIES = YES;
				BUNDLE_LOADER = "$(TEST_HOST)";
				CODE_SIGN_STYLE = Automatic;
				INFOPLIST_FILE = GroupedMessagesTests/Info.plist;
				LD_RUNPATH_SEARCH_PATHS = (
					"$(inherited)",
					"@executable_path/Frameworks",
					"@loader_path/Frameworks",
				);
				PRODUCT_BUNDLE_IDENTIFIER = "com.bruno-silva.GroupedMessagesTests";
				PRODUCT_NAME = "$(TARGET_NAME)";
				SWIFT_VERSION = 5.0;
				TARGETED_DEVICE_FAMILY = "1,2";
				TEST_HOST = "$(BUILT_PRODUCTS_DIR)/GroupedMessages.app/GroupedMessages";
			};
			name = Release;
		};
		46AD844E230D450E003A4CC4 /* Debug */ = {
			isa = XCBuildConfiguration;
			buildSettings = {
				ALWAYS_EMBED_SWIFT_STANDARD_LIBRARIES = YES;
				CODE_SIGN_STYLE = Automatic;
				INFOPLIST_FILE = GroupedMessagesUITests/Info.plist;
				LD_RUNPATH_SEARCH_PATHS = (
					"$(inherited)",
					"@executable_path/Frameworks",
					"@loader_path/Frameworks",
				);
				PRODUCT_BUNDLE_IDENTIFIER = "com.bruno-silva.GroupedMessagesUITests";
				PRODUCT_NAME = "$(TARGET_NAME)";
				SWIFT_VERSION = 5.0;
				TARGETED_DEVICE_FAMILY = "1,2";
				TEST_TARGET_NAME = GroupedMessages;
			};
			name = Debug;
		};
		46AD844F230D450E003A4CC4 /* Release */ = {
			isa = XCBuildConfiguration;
			buildSettings = {
				ALWAYS_EMBED_SWIFT_STANDARD_LIBRARIES = YES;
				CODE_SIGN_STYLE = Automatic;
				INFOPLIST_FILE = GroupedMessagesUITests/Info.plist;
				LD_RUNPATH_SEARCH_PATHS = (
					"$(inherited)",
					"@executable_path/Frameworks",
					"@loader_path/Frameworks",
				);
				PRODUCT_BUNDLE_IDENTIFIER = "com.bruno-silva.GroupedMessagesUITests";
				PRODUCT_NAME = "$(TARGET_NAME)";
				SWIFT_VERSION = 5.0;
				TARGETED_DEVICE_FAMILY = "1,2";
				TEST_TARGET_NAME = GroupedMessages;
			};
			name = Release;
		};
/* End XCBuildConfiguration section */

/* Begin XCConfigurationList section */
		46AD841A230D450D003A4CC4 /* Build configuration list for PBXProject "GroupedMessages" */ = {
			isa = XCConfigurationList;
			buildConfigurations = (
				46AD8445230D450E003A4CC4 /* Debug */,
				46AD8446230D450E003A4CC4 /* Release */,
			);
			defaultConfigurationIsVisible = 0;
			defaultConfigurationName = Release;
		};
		46AD8447230D450E003A4CC4 /* Build configuration list for PBXNativeTarget "GroupedMessages" */ = {
			isa = XCConfigurationList;
			buildConfigurations = (
				46AD8448230D450E003A4CC4 /* Debug */,
				46AD8449230D450E003A4CC4 /* Release */,
			);
			defaultConfigurationIsVisible = 0;
			defaultConfigurationName = Release;
		};
		46AD844A230D450E003A4CC4 /* Build configuration list for PBXNativeTarget "GroupedMessagesTests" */ = {
			isa = XCConfigurationList;
			buildConfigurations = (
				46AD844B230D450E003A4CC4 /* Debug */,
				46AD844C230D450E003A4CC4 /* Release */,
			);
			defaultConfigurationIsVisible = 0;
			defaultConfigurationName = Release;
		};
		46AD844D230D450E003A4CC4 /* Build configuration list for PBXNativeTarget "GroupedMessagesUITests" */ = {
			isa = XCConfigurationList;
			buildConfigurations = (
				46AD844E230D450E003A4CC4 /* Debug */,
				46AD844F230D450E003A4CC4 /* Release */,
			);
			defaultConfigurationIsVisible = 0;
			defaultConfigurationName = Release;
		};
/* End XCConfigurationList section */
	};
	rootObject = 46AD8417230D450D003A4CC4 /* Project object */;
}
